// !$*UTF8*$!
{
	archiveVersion = 1;
	classes = {
	};
	objectVersion = 50;
	objects = {

/* Begin PBXBuildFile section */
		9BD96A0D237DE263008DB7CD /* SignUpViewController.swift in Sources */ = {isa = PBXBuildFile; fileRef = 9BD96A0C237DE263008DB7CD /* SignUpViewController.swift */; };
		9BD96A0F237DE292008DB7CD /* LoginViewController.swift in Sources */ = {isa = PBXBuildFile; fileRef = 9BD96A0E237DE292008DB7CD /* LoginViewController.swift */; };
		9BD96A11237DE2AD008DB7CD /* HomeViewController.swift in Sources */ = {isa = PBXBuildFile; fileRef = 9BD96A10237DE2AD008DB7CD /* HomeViewController.swift */; };
		9BD96A14237DE2FE008DB7CD /* ViewController.swift in Sources */ = {isa = PBXBuildFile; fileRef = 9BD96A13237DE2FE008DB7CD /* ViewController.swift */; };
		9BE3015D2371F55D00E535AA /* AppDelegate.swift in Sources */ = {isa = PBXBuildFile; fileRef = 9BE3015C2371F55D00E535AA /* AppDelegate.swift */; };
		9BE3015F2371F55D00E535AA /* SceneDelegate.swift in Sources */ = {isa = PBXBuildFile; fileRef = 9BE3015E2371F55D00E535AA /* SceneDelegate.swift */; };
		9BE301642371F55D00E535AA /* Main.storyboard in Resources */ = {isa = PBXBuildFile; fileRef = 9BE301622371F55D00E535AA /* Main.storyboard */; };
		9BE301662371F55D00E535AA /* Assets.xcassets in Resources */ = {isa = PBXBuildFile; fileRef = 9BE301652371F55D00E535AA /* Assets.xcassets */; };
		9BE301692371F55D00E535AA /* LaunchScreen.storyboard in Resources */ = {isa = PBXBuildFile; fileRef = 9BE301672371F55D00E535AA /* LaunchScreen.storyboard */; };
/* End PBXBuildFile section */

/* Begin PBXFileReference section */
		9BD96A0C237DE263008DB7CD /* SignUpViewController.swift */ = {isa = PBXFileReference; lastKnownFileType = sourcecode.swift; path = SignUpViewController.swift; sourceTree = "<group>"; };
		9BD96A0E237DE292008DB7CD /* LoginViewController.swift */ = {isa = PBXFileReference; lastKnownFileType = sourcecode.swift; path = LoginViewController.swift; sourceTree = "<group>"; };
		9BD96A10237DE2AD008DB7CD /* HomeViewController.swift */ = {isa = PBXFileReference; lastKnownFileType = sourcecode.swift; path = HomeViewController.swift; sourceTree = "<group>"; };
		9BD96A13237DE2FE008DB7CD /* ViewController.swift */ = {isa = PBXFileReference; lastKnownFileType = sourcecode.swift; path = ViewController.swift; sourceTree = "<group>"; };
		9BE301592371F55D00E535AA /* Group F.app */ = {isa = PBXFileReference; explicitFileType = wrapper.application; includeInIndex = 0; path = "Group F.app"; sourceTree = BUILT_PRODUCTS_DIR; };
		9BE3015C2371F55D00E535AA /* AppDelegate.swift */ = {isa = PBXFileReference; lastKnownFileType = sourcecode.swift; path = AppDelegate.swift; sourceTree = "<group>"; };
		9BE3015E2371F55D00E535AA /* SceneDelegate.swift */ = {isa = PBXFileReference; lastKnownFileType = sourcecode.swift; path = SceneDelegate.swift; sourceTree = "<group>"; };
		9BE301632371F55D00E535AA /* Base */ = {isa = PBXFileReference; lastKnownFileType = file.storyboard; name = Base; path = Base.lproj/Main.storyboard; sourceTree = "<group>"; };
		9BE301652371F55D00E535AA /* Assets.xcassets */ = {isa = PBXFileReference; lastKnownFileType = folder.assetcatalog; path = Assets.xcassets; sourceTree = "<group>"; };
		9BE301682371F55D00E535AA /* Base */ = {isa = PBXFileReference; lastKnownFileType = file.storyboard; name = Base; path = Base.lproj/LaunchScreen.storyboard; sourceTree = "<group>"; };
		9BE3016A2371F55D00E535AA /* Info.plist */ = {isa = PBXFileReference; lastKnownFileType = text.plist.xml; path = Info.plist; sourceTree = "<group>"; };
/* End PBXFileReference section */

/* Begin PBXFrameworksBuildPhase section */
		9BE301562371F55D00E535AA /* Frameworks */ = {
			isa = PBXFrameworksBuildPhase;
			buildActionMask = 2147483647;
			files = (
			);
			runOnlyForDeploymentPostprocessing = 0;
		};
/* End PBXFrameworksBuildPhase section */

/* Begin PBXGroup section */
		9BD96A12237DE2C1008DB7CD /* View Controllers */ = {
			isa = PBXGroup;
			children = (
				9BD96A0C237DE263008DB7CD /* SignUpViewController.swift */,
				9BD96A0E237DE292008DB7CD /* LoginViewController.swift */,
				9BD96A10237DE2AD008DB7CD /* HomeViewController.swift */,
				9BD96A13237DE2FE008DB7CD /* ViewController.swift */,
			);
			path = "View Controllers";
			sourceTree = "<group>";
		};
		9BE301502371F55D00E535AA = {
			isa = PBXGroup;
			children = (
				9BE3015B2371F55D00E535AA /* Group F */,
				9BE3015A2371F55D00E535AA /* Products */,
			);
			sourceTree = "<group>";
		};
		9BE3015A2371F55D00E535AA /* Products */ = {
			isa = PBXGroup;
			children = (
				9BE301592371F55D00E535AA /* Group F.app */,
			);
			name = Products;
			sourceTree = "<group>";
		};
		9BE3015B2371F55D00E535AA /* Group F */ = {
			isa = PBXGroup;
			children = (
				9BE3015C2371F55D00E535AA /* AppDelegate.swift */,
				9BE3015E2371F55D00E535AA /* SceneDelegate.swift */,
				9BD96A12237DE2C1008DB7CD /* View Controllers */,
				9BE301622371F55D00E535AA /* Main.storyboard */,
				9BE301652371F55D00E535AA /* Assets.xcassets */,
				9BE301672371F55D00E535AA /* LaunchScreen.storyboard */,
				9BE3016A2371F55D00E535AA /* Info.plist */,
			);
			path = "Group F";
			sourceTree = "<group>";
		};
/* End PBXGroup section */

/* Begin PBXNativeTarget section */
		9BE301582371F55D00E535AA /* Group F */ = {
			isa = PBXNativeTarget;
			buildConfigurationList = 9BE3016D2371F55D00E535AA /* Build configuration list for PBXNativeTarget "Group F" */;
			buildPhases = (
				9BE301552371F55D00E535AA /* Sources */,
				9BE301562371F55D00E535AA /* Frameworks */,
				9BE301572371F55D00E535AA /* Resources */,
			);
			buildRules = (
			);
			dependencies = (
			);
			name = "Group F";
			productName = "Group H";
			productReference = 9BE301592371F55D00E535AA /* Group F.app */;
			productType = "com.apple.product-type.application";
		};
/* End PBXNativeTarget section */

/* Begin PBXProject section */
		9BE301512371F55D00E535AA /* Project object */ = {
			isa = PBXProject;
			attributes = {
				LastSwiftUpdateCheck = 1120;
				LastUpgradeCheck = 1120;
				ORGANIZATIONNAME = 4S;
				TargetAttributes = {
					9BE301582371F55D00E535AA = {
						CreatedOnToolsVersion = 11.2;
					};
				};
			};
			buildConfigurationList = 9BE301542371F55D00E535AA /* Build configuration list for PBXProject "Group F" */;
			compatibilityVersion = "Xcode 9.3";
			developmentRegion = en;
			hasScannedForEncodings = 0;
			knownRegions = (
				en,
				Base,
			);
			mainGroup = 9BE301502371F55D00E535AA;
			productRefGroup = 9BE3015A2371F55D00E535AA /* Products */;
			projectDirPath = "";
			projectRoot = "";
			targets = (
				9BE301582371F55D00E535AA /* Group F */,
			);
		};
/* End PBXProject section */

/* Begin PBXResourcesBuildPhase section */
		9BE301572371F55D00E535AA /* Resources */ = {
			isa = PBXResourcesBuildPhase;
			buildActionMask = 2147483647;
			files = (
				9BE301692371F55D00E535AA /* LaunchScreen.storyboard in Resources */,
				9BE301662371F55D00E535AA /* Assets.xcassets in Resources */,
				9BE301642371F55D00E535AA /* Main.storyboard in Resources */,
			);
			runOnlyForDeploymentPostprocessing = 0;
		};
/* End PBXResourcesBuildPhase section */

/* Begin PBXSourcesBuildPhase section */
		9BE301552371F55D00E535AA /* Sources */ = {
			isa = PBXSourcesBuildPhase;
			buildActionMask = 2147483647;
			files = (
				9BD96A14237DE2FE008DB7CD /* ViewController.swift in Sources */,
				9BD96A11237DE2AD008DB7CD /* HomeViewController.swift in Sources */,
				9BD96A0F237DE292008DB7CD /* LoginViewController.swift in Sources */,
				9BD96A0D237DE263008DB7CD /* SignUpViewController.swift in Sources */,
				9BE3015D2371F55D00E535AA /* AppDelegate.swift in Sources */,
				9BE3015F2371F55D00E535AA /* SceneDelegate.swift in Sources */,
			);
			runOnlyForDeploymentPostprocessing = 0;
		};
/* End PBXSourcesBuildPhase section */

/* Begin PBXVariantGroup section */
		9BE301622371F55D00E535AA /* Main.storyboard */ = {
			isa = PBXVariantGroup;
			children = (
				9BE301632371F55D00E535AA /* Base */,
			);
			name = Main.storyboard;
			sourceTree = "<group>";
		};
		9BE301672371F55D00E535AA /* LaunchScreen.storyboard */ = {
			isa = PBXVariantGroup;
			children = (
				9BE301682371F55D00E535AA /* Base */,
			);
			name = LaunchScreen.storyboard;
			sourceTree = "<group>";
		};
/* End PBXVariantGroup section */

/* Begin XCBuildConfiguration section */
		9BE3016B2371F55D00E535AA /* Debug */ = {
			isa = XCBuildConfiguration;
			buildSettings = {
				ALWAYS_SEARCH_USER_PATHS = NO;
				CLANG_ANALYZER_NONNULL = YES;
				CLANG_ANALYZER_NUMBER_OBJECT_CONVERSION = YES_AGGRESSIVE;
				CLANG_CXX_LANGUAGE_STANDARD = "gnu++14";
				CLANG_CXX_LIBRARY = "libc++";
				CLANG_ENABLE_MODULES = YES;
				CLANG_ENABLE_OBJC_ARC = YES;
				CLANG_ENABLE_OBJC_WEAK = YES;
				CLANG_WARN_BLOCK_CAPTURE_AUTORELEASING = YES;
				CLANG_WARN_BOOL_CONVERSION = YES;
				CLANG_WARN_COMMA = YES;
				CLANG_WARN_CONSTANT_CONVERSION = YES;
				CLANG_WARN_DEPRECATED_OBJC_IMPLEMENTATIONS = YES;
				CLANG_WARN_DIRECT_OBJC_ISA_USAGE = YES_ERROR;
				CLANG_WARN_DOCUMENTATION_COMMENTS = YES;
				CLANG_WARN_EMPTY_BODY = YES;
				CLANG_WARN_ENUM_CONVERSION = YES;
				CLANG_WARN_INFINITE_RECURSION = YES;
				CLANG_WARN_INT_CONVERSION = YES;
				CLANG_WARN_NON_LITERAL_NULL_CONVERSION = YES;
				CLANG_WARN_OBJC_IMPLICIT_RETAIN_SELF = YES;
				CLANG_WARN_OBJC_LITERAL_CONVERSION = YES;
				CLANG_WARN_OBJC_ROOT_CLASS = YES_ERROR;
				CLANG_WARN_RANGE_LOOP_ANALYSIS = YES;
				CLANG_WARN_STRICT_PROTOTYPES = YES;
				CLANG_WARN_SUSPICIOUS_MOVE = YES;
				CLANG_WARN_UNGUARDED_AVAILABILITY = YES_AGGRESSIVE;
				CLANG_WARN_UNREACHABLE_CODE = YES;
				CLANG_WARN__DUPLICATE_METHOD_MATCH = YES;
				COPY_PHASE_STRIP = NO;
				DEBUG_INFORMATION_FORMAT = dwarf;
				ENABLE_STRICT_OBJC_MSGSEND = YES;
				ENABLE_TESTABILITY = YES;
				GCC_C_LANGUAGE_STANDARD = gnu11;
				GCC_DYNAMIC_NO_PIC = NO;
				GCC_NO_COMMON_BLOCKS = YES;
				GCC_OPTIMIZATION_LEVEL = 0;
				GCC_PREPROCESSOR_DEFINITIONS = (
					"DEBUG=1",
					"$(inherited)",
				);
				GCC_WARN_64_TO_32_BIT_CONVERSION = YES;
				GCC_WARN_ABOUT_RETURN_TYPE = YES_ERROR;
				GCC_WARN_UNDECLARED_SELECTOR = YES;
				GCC_WARN_UNINITIALIZED_AUTOS = YES_AGGRESSIVE;
				GCC_WARN_UNUSED_FUNCTION = YES;
				GCC_WARN_UNUSED_VARIABLE = YES;
				IPHONEOS_DEPLOYMENT_TARGET = 13.2;
				MTL_ENABLE_DEBUG_INFO = INCLUDE_SOURCE;
				MTL_FAST_MATH = YES;
				ONLY_ACTIVE_ARCH = YES;
				SDKROOT = iphoneos;
				SWIFT_ACTIVE_COMPILATION_CONDITIONS = DEBUG;
				SWIFT_OPTIMIZATION_LEVEL = "-Onone";
			};
			name = Debug;
		};
		9BE3016C2371F55D00E535AA /* Release */ = {
			isa = XCBuildConfiguration;
			buildSettings = {
				ALWAYS_SEARCH_USER_PATHS = NO;
				CLANG_ANALYZER_NONNULL = YES;
				CLANG_ANALYZER_NUMBER_OBJECT_CONVERSION = YES_AGGRESSIVE;
				CLANG_CXX_LANGUAGE_STANDARD = "gnu++14";
				CLANG_CXX_LIBRARY = "libc++";
				CLANG_ENABLE_MODULES = YES;
				CLANG_ENABLE_OBJC_ARC = YES;
				CLANG_ENABLE_OBJC_WEAK = YES;
				CLANG_WARN_BLOCK_CAPTURE_AUTORELEASING = YES;
				CLANG_WARN_BOOL_CONVERSION = YES;
				CLANG_WARN_COMMA = YES;
				CLANG_WARN_CONSTANT_CONVERSION = YES;
				CLANG_WARN_DEPRECATED_OBJC_IMPLEMENTATIONS = YES;
				CLANG_WARN_DIRECT_OBJC_ISA_USAGE = YES_ERROR;
				CLANG_WARN_DOCUMENTATION_COMMENTS = YES;
				CLANG_WARN_EMPTY_BODY = YES;
				CLANG_WARN_ENUM_CONVERSION = YES;
				CLANG_WARN_INFINITE_RECURSION = YES;
				CLANG_WARN_INT_CONVERSION = YES;
				CLANG_WARN_NON_LITERAL_NULL_CONVERSION = YES;
				CLANG_WARN_OBJC_IMPLICIT_RETAIN_SELF = YES;
				CLANG_WARN_OBJC_LITERAL_CONVERSION = YES;
				CLANG_WARN_OBJC_ROOT_CLASS = YES_ERROR;
				CLANG_WARN_RANGE_LOOP_ANALYSIS = YES;
				CLANG_WARN_STRICT_PROTOTYPES = YES;
				CLANG_WARN_SUSPICIOUS_MOVE = YES;
				CLANG_WARN_UNGUARDED_AVAILABILITY = YES_AGGRESSIVE;
				CLANG_WARN_UNREACHABLE_CODE = YES;
				CLANG_WARN__DUPLICATE_METHOD_MATCH = YES;
				COPY_PHASE_STRIP = NO;
				DEBUG_INFORMATION_FORMAT = "dwarf-with-dsym";
				ENABLE_NS_ASSERTIONS = NO;
				ENABLE_STRICT_OBJC_MSGSEND = YES;
				GCC_C_LANGUAGE_STANDARD = gnu11;
				GCC_NO_COMMON_BLOCKS = YES;
				GCC_WARN_64_TO_32_BIT_CONVERSION = YES;
				GCC_WARN_ABOUT_RETURN_TYPE = YES_ERROR;
				GCC_WARN_UNDECLARED_SELECTOR = YES;
				GCC_WARN_UNINITIALIZED_AUTOS = YES_AGGRESSIVE;
				GCC_WARN_UNUSED_FUNCTION = YES;
				GCC_WARN_UNUSED_VARIABLE = YES;
				IPHONEOS_DEPLOYMENT_TARGET = 13.2;
				MTL_ENABLE_DEBUG_INFO = NO;
				MTL_FAST_MATH = YES;
				SDKROOT = iphoneos;
				SWIFT_COMPILATION_MODE = wholemodule;
				SWIFT_OPTIMIZATION_LEVEL = "-O";
				VALIDATE_PRODUCT = YES;
			};
			name = Release;
		};
		9BE3016E2371F55D00E535AA /* Debug */ = {
			isa = XCBuildConfiguration;
			buildSettings = {
				ASSETCATALOG_COMPILER_APPICON_NAME = AppIcon;
				CODE_SIGN_STYLE = Automatic;
				INFOPLIST_FILE = "$(SRCROOT)/Group F/Info.plist";
				LD_RUNPATH_SEARCH_PATHS = (
					"$(inherited)",
					"@executable_path/Frameworks",
				);
				PRODUCT_BUNDLE_IDENTIFIER = "Lambton.Group-F";
				PRODUCT_NAME = "Group F";
				SWIFT_VERSION = 5.0;
				TARGETED_DEVICE_FAMILY = "1,2";
			};
			name = Debug;
		};
		9BE3016F2371F55D00E535AA /* Release */ = {
			isa = XCBuildConfiguration;
			buildSettings = {
				ASSETCATALOG_COMPILER_APPICON_NAME = AppIcon;
				CODE_SIGN_STYLE = Automatic;
				INFOPLIST_FILE = "$(SRCROOT)/Group F/Info.plist";
				LD_RUNPATH_SEARCH_PATHS = (
					"$(inherited)",
					"@executable_path/Frameworks",
				);
				PRODUCT_BUNDLE_IDENTIFIER = "Lambton.Group-F";
				PRODUCT_NAME = "Group F";
				SWIFT_VERSION = 5.0;
				TARGETED_DEVICE_FAMILY = "1,2";
			};
			name = Release;
		};
/* End XCBuildConfiguration section */

/* Begin XCConfigurationList section */
		9BE301542371F55D00E535AA /* Build configuration list for PBXProject "Group F" */ = {
			isa = XCConfigurationList;
			buildConfigurations = (
				9BE3016B2371F55D00E535AA /* Debug */,
				9BE3016C2371F55D00E535AA /* Release */,
			);
			defaultConfigurationIsVisible = 0;
			defaultConfigurationName = Release;
		};
		9BE3016D2371F55D00E535AA /* Build configuration list for PBXNativeTarget "Group F" */ = {
			isa = XCConfigurationList;
			buildConfigurations = (
				9BE3016E2371F55D00E535AA /* Debug */,
				9BE3016F2371F55D00E535AA /* Release */,
			);
			defaultConfigurationIsVisible = 0;
			defaultConfigurationName = Release;
		};
/* End XCConfigurationList section */
	};
	rootObject = 9BE301512371F55D00E535AA /* Project object */;
}
